<Solution>
  <Project Path="SchoolProject.Api/SchoolProject.Api.csproj" />
  <Project Path="SchoolProject.Application/SchoolProject.Application.csproj" />
  <Project Path="SchoolProject.Domain/SchoolProject.Domain.csproj" />
  <Project Path="SchoolProject.Infrastructure/SchoolProject.Infrastructure.csproj" />
</Solution>
